Microsoft Visual Studio Solution File, Format Version 12.00
# Visual Studio Version 17
VisualStudioVersion = 17.5.2.0
MinimumVisualStudioVersion = 10.0.40219.1
Project("{2150E333-8FDC-42A3-9474-1A3956D46DE8}") = "lambdas", "lambdas", "{F6B1647C-7349-B0FF-4920-3CCD5A62CE69}"
EndProject
Project("{FAE04EC0-301F-11D3-BF4B-00C04F79EFBC}") = "HelloWorld", "lambdas\dotnet\HelloWorld.csproj", "{47487365-F063-9E8F-6E3F-C9F25C3C7299}"
EndProject
Global
	GlobalSection(SolutionConfigurationPlatforms) = preSolution
		Debug|Any CPU = Debug|Any CPU
		Release|Any CPU = Release|Any CPU
	EndGlobalSection
	GlobalSection(ProjectConfigurationPlatforms) = postSolution
		{47487365-F063-9E8F-6E3F-C9F25C3C7299}.Debug|Any CPU.ActiveCfg = Debug|Any CPU
		{47487365-F063-9E8F-6E3F-C9F25C3C7299}.Debug|Any CPU.Build.0 = Debug|Any CPU
		{47487365-F063-9E8F-6E3F-C9F25C3C7299}.Release|Any CPU.ActiveCfg = Release|Any CPU
		{47487365-F063-9E8F-6E3F-C9F25C3C7299}.Release|Any CPU.Build.0 = Release|Any CPU
	EndGlobalSection
	GlobalSection(SolutionProperties) = preSolution
		HideSolutionNode = FALSE
	EndGlobalSection
	GlobalSection(NestedProjects) = preSolution
		{47487365-F063-9E8F-6E3F-C9F25C3C7299} = {F6B1647C-7349-B0FF-4920-3CCD5A62CE69}
	EndGlobalSection
	GlobalSection(ExtensibilityGlobals) = postSolution
		SolutionGuid = {9C87162E-1080-4C1F-84FE-6876AE5DE05E}
	EndGlobalSection
EndGlobal
